{
  "requires": true,
  "lockfileVersion": 1,
  "dependencies": {
    "@ckeditor/ckeditor5-build-classic": {
      "version": "11.0.1",
      "resolved": "https://registry.npmjs.org/@ckeditor/ckeditor5-build-classic/-/ckeditor5-build-classic-11.0.1.tgz",
      "integrity": "sha512-iVP2yEFM/ALwKVOynkjGZqPxdK4ecKGI+1oZXYdPPzkd58/4x6gSMKvh54znhNYbNsO7UsLj7+HllP/+5u50uw=="
    },
    "bootstrap-confirmation2": {
      "version": "4.0.1",
      "resolved": "https://registry.npmjs.org/bootstrap-confirmation2/-/bootstrap-confirmation2-4.0.1.tgz",
      "integrity": "sha512-S6nX8fh62b3Q8foXX0xJ6rWhjFVSyA/Iln3Ra0NEs3/vv//drl3+6iVXwp5HDv51gfTFwg3fMtXH3XUY2ci80A=="
    },
    "mdbootstrap": {
      "version": "4.5.10",
      "resolved": "https://registry.npmjs.org/mdbootstrap/-/mdbootstrap-4.5.10.tgz",
      "integrity": "sha512-SEKXJhx/r6Eh1K8IMJug3NLVz67SuyzlbOEQUU/hRQkXvdJ+JVFG1MOA2yRrgXK8EsYjlxGagUporPmKGvritA=="
    },
    "pell": {
      "version": "1.0.4",
      "resolved": "https://registry.npmjs.org/pell/-/pell-1.0.4.tgz",
      "integrity": "sha512-eO3FCe7Dnerbi94UmEVzc1iQ83JuAyiosyIfc9ddFoGnfp3/82sHyI86jr/M3qVpTJEbFd7TD607qSqusRq6/g=="
    }
  }
}
